
Microsoft Visual Studio Solution File, Format Version 12.00
# Visual Studio Version 16
VisualStudioVersion = 16.0.28803.156
MinimumVisualStudioVersion = 10.0.40219.1
Project("{F184B08F-C81C-45F6-A57F-5ABD9991F28F}") = "HolaMundo", "HolaMundo\HolaMundo.vbproj", "{04280B64-69A4-4236-8B3D-8DB6E2F3014A}"
EndProject
Global
	GlobalSection(SolutionConfigurationPlatforms) = preSolution
		Debug|Any CPU = Debug|Any CPU
		Release|Any CPU = Release|Any CPU
	EndGlobalSection
	GlobalSection(ProjectConfigurationPlatforms) = postSolution
		{04280B64-69A4-4236-8B3D-8DB6E2F3014A}.Debug|Any CPU.ActiveCfg = Debug|Any CPU
		{04280B64-69A4-4236-8B3D-8DB6E2F3014A}.Debug|Any CPU.Build.0 = Debug|Any CPU
		{04280B64-69A4-4236-8B3D-8DB6E2F3014A}.Release|Any CPU.ActiveCfg = Release|Any CPU
		{04280B64-69A4-4236-8B3D-8DB6E2F3014A}.Release|Any CPU.Build.0 = Release|Any CPU
	EndGlobalSection
	GlobalSection(SolutionProperties) = preSolution
		HideSolutionNode = FALSE
	EndGlobalSection
	GlobalSection(ExtensibilityGlobals) = postSolution
		SolutionGuid = {07A8DDCA-5D87-4A16-9986-93706E560FDB}
	EndGlobalSection
EndGlobal
